
Microsoft Visual Studio Solution File, Format Version 12.00
# Visual Studio Version 16
VisualStudioVersion = 25.0.1700.3
MinimumVisualStudioVersion = 10.0.40219.1
Project("{FAE04EC0-301F-11D3-BF4B-00C04F79EFBC}") = "StajBackend", "StajBackend\StajBackend.csproj", "{EE88A510-C09E-476F-899E-DE8D69695A27}"
EndProject
Global
	GlobalSection(SolutionConfigurationPlatforms) = preSolution
		Debug|Any CPU = Debug|Any CPU
		Release|Any CPU = Release|Any CPU
	EndGlobalSection
	GlobalSection(ProjectConfigurationPlatforms) = postSolution
		{EE88A510-C09E-476F-899E-DE8D69695A27}.Debug|Any CPU.ActiveCfg = Debug|Any CPU
		{EE88A510-C09E-476F-899E-DE8D69695A27}.Debug|Any CPU.Build.0 = Debug|Any CPU
		{EE88A510-C09E-476F-899E-DE8D69695A27}.Release|Any CPU.ActiveCfg = Release|Any CPU
		{EE88A510-C09E-476F-899E-DE8D69695A27}.Release|Any CPU.Build.0 = Release|Any CPU
	EndGlobalSection
	GlobalSection(SolutionProperties) = preSolution
		HideSolutionNode = FALSE
	EndGlobalSection
	GlobalSection(ExtensibilityGlobals) = postSolution
		SolutionGuid = {C4438BFB-689D-4EB6-A413-24C27693355C}
	EndGlobalSection
EndGlobal
